
Microsoft Visual Studio Solution File, Format Version 11.00
# Visual Basic Express 2010
Project("{F184B08F-C81C-45F6-A57F-5ABD9991F28F}") = "CS300_Assignment2", "CS300_Assignment2.vbproj", "{7025763C-1026-405D-9C34-2D8DAC84C729}"
EndProject
Global
	GlobalSection(SolutionConfigurationPlatforms) = preSolution
		Debug|x86 = Debug|x86
		Release|x86 = Release|x86
	EndGlobalSection
	GlobalSection(ProjectConfigurationPlatforms) = postSolution
		{7025763C-1026-405D-9C34-2D8DAC84C729}.Debug|x86.ActiveCfg = Debug|x86
		{7025763C-1026-405D-9C34-2D8DAC84C729}.Debug|x86.Build.0 = Debug|x86
		{7025763C-1026-405D-9C34-2D8DAC84C729}.Release|x86.ActiveCfg = Release|x86
		{7025763C-1026-405D-9C34-2D8DAC84C729}.Release|x86.Build.0 = Release|x86
	EndGlobalSection
	GlobalSection(SolutionProperties) = preSolution
		HideSolutionNode = FALSE
	EndGlobalSection
EndGlobal
